
Microsoft Visual Studio Solution File, Format Version 12.00
# Visual Studio Version 17
VisualStudioVersion = 17.7.34202.233
MinimumVisualStudioVersion = 10.0.40219.1
Project("{FAE04EC0-301F-11D3-BF4B-00C04F79EFBC}") = "ShopOnline.Web", "ShopOnline.Web\ShopOnline.Web.csproj", "{EDABBB1A-0D40-4197-B222-5F2D63D9AA67}"
EndProject
Project("{FAE04EC0-301F-11D3-BF4B-00C04F79EFBC}") = "ShopOnline.Api", "ShopOnline.Api\ShopOnline.Api.csproj", "{66A6DD85-23BF-4E47-A956-ABE9FF06418E}"
EndProject
Global
	GlobalSection(SolutionConfigurationPlatforms) = preSolution
		Debug|Any CPU = Debug|Any CPU
		Release|Any CPU = Release|Any CPU
	EndGlobalSection
	GlobalSection(ProjectConfigurationPlatforms) = postSolution
		{EDABBB1A-0D40-4197-B222-5F2D63D9AA67}.Debug|Any CPU.ActiveCfg = Debug|Any CPU
		{EDABBB1A-0D40-4197-B222-5F2D63D9AA67}.Debug|Any CPU.Build.0 = Debug|Any CPU
		{EDABBB1A-0D40-4197-B222-5F2D63D9AA67}.Release|Any CPU.ActiveCfg = Release|Any CPU
		{EDABBB1A-0D40-4197-B222-5F2D63D9AA67}.Release|Any CPU.Build.0 = Release|Any CPU
		{66A6DD85-23BF-4E47-A956-ABE9FF06418E}.Debug|Any CPU.ActiveCfg = Debug|Any CPU
		{66A6DD85-23BF-4E47-A956-ABE9FF06418E}.Debug|Any CPU.Build.0 = Debug|Any CPU
		{66A6DD85-23BF-4E47-A956-ABE9FF06418E}.Release|Any CPU.ActiveCfg = Release|Any CPU
		{66A6DD85-23BF-4E47-A956-ABE9FF06418E}.Release|Any CPU.Build.0 = Release|Any CPU
	EndGlobalSection
	GlobalSection(SolutionProperties) = preSolution
		HideSolutionNode = FALSE
	EndGlobalSection
	GlobalSection(ExtensibilityGlobals) = postSolution
		SolutionGuid = {D971ABC5-EE84-44CD-AB26-0FDF2DE0C48C}
	EndGlobalSection
EndGlobal
